
Microsoft Visual Studio Solution File, Format Version 12.00
# Visual Studio Version 16
VisualStudioVersion = 16.0.30907.101
MinimumVisualStudioVersion = 10.0.40219.1
Project("{9A19103F-16F7-4668-BE54-9A1E7A4F7556}") = "AirportSimulatorServer", "AirportSimulatorServer\AirportSimulatorServer.csproj", "{ACA9A6D9-1FA9-416B-AB3C-65CCE2E4D35A}"
EndProject
Project("{9A19103F-16F7-4668-BE54-9A1E7A4F7556}") = "AirportSimulatorLogic", "AirportSimulatorLogic\AirportSimulatorLogic.csproj", "{E3E59D10-6FD1-46BB-83F7-69FDF2B8E19F}"
EndProject
Project("{9A19103F-16F7-4668-BE54-9A1E7A4F7556}") = "AirportSimulatorShared", "AirportSimulatorShared\AirportSimulatorShared.csproj", "{C808A557-F2A1-4336-A975-A790B98B562D}"
EndProject
Project("{9A19103F-16F7-4668-BE54-9A1E7A4F7556}") = "FlightsGenerator", "FlightsGenerator\FlightsGenerator.csproj", "{88213C2E-8C14-482E-BF74-7870715B58A6}"
EndProject
Global
	GlobalSection(SolutionConfigurationPlatforms) = preSolution
		Debug|Any CPU = Debug|Any CPU
		Release|Any CPU = Release|Any CPU
	EndGlobalSection
	GlobalSection(ProjectConfigurationPlatforms) = postSolution
		{ACA9A6D9-1FA9-416B-AB3C-65CCE2E4D35A}.Debug|Any CPU.ActiveCfg = Debug|Any CPU
		{ACA9A6D9-1FA9-416B-AB3C-65CCE2E4D35A}.Debug|Any CPU.Build.0 = Debug|Any CPU
		{ACA9A6D9-1FA9-416B-AB3C-65CCE2E4D35A}.Release|Any CPU.ActiveCfg = Release|Any CPU
		{ACA9A6D9-1FA9-416B-AB3C-65CCE2E4D35A}.Release|Any CPU.Build.0 = Release|Any CPU
		{E3E59D10-6FD1-46BB-83F7-69FDF2B8E19F}.Debug|Any CPU.ActiveCfg = Debug|Any CPU
		{E3E59D10-6FD1-46BB-83F7-69FDF2B8E19F}.Debug|Any CPU.Build.0 = Debug|Any CPU
		{E3E59D10-6FD1-46BB-83F7-69FDF2B8E19F}.Release|Any CPU.ActiveCfg = Release|Any CPU
		{E3E59D10-6FD1-46BB-83F7-69FDF2B8E19F}.Release|Any CPU.Build.0 = Release|Any CPU
		{C808A557-F2A1-4336-A975-A790B98B562D}.Debug|Any CPU.ActiveCfg = Debug|Any CPU
		{C808A557-F2A1-4336-A975-A790B98B562D}.Debug|Any CPU.Build.0 = Debug|Any CPU
		{C808A557-F2A1-4336-A975-A790B98B562D}.Release|Any CPU.ActiveCfg = Release|Any CPU
		{C808A557-F2A1-4336-A975-A790B98B562D}.Release|Any CPU.Build.0 = Release|Any CPU
		{88213C2E-8C14-482E-BF74-7870715B58A6}.Debug|Any CPU.ActiveCfg = Debug|Any CPU
		{88213C2E-8C14-482E-BF74-7870715B58A6}.Debug|Any CPU.Build.0 = Debug|Any CPU
		{88213C2E-8C14-482E-BF74-7870715B58A6}.Release|Any CPU.ActiveCfg = Release|Any CPU
		{88213C2E-8C14-482E-BF74-7870715B58A6}.Release|Any CPU.Build.0 = Release|Any CPU
	EndGlobalSection
	GlobalSection(SolutionProperties) = preSolution
		HideSolutionNode = FALSE
	EndGlobalSection
	GlobalSection(ExtensibilityGlobals) = postSolution
		SolutionGuid = {660FE63A-1C40-4959-8357-6319CBC577E8}
	EndGlobalSection
EndGlobal
